
Microsoft Visual Studio Solution File, Format Version 12.00
# Visual Studio Version 17
VisualStudioVersion = 17.1.32421.90
MinimumVisualStudioVersion = 10.0.40219.1
Project("{FAE04EC0-301F-11D3-BF4B-00C04F79EFBC}") = "MovieViewer", "MovieViewer\MovieViewer.csproj", "{1620F65F-E14E-433D-BD20-E5D62E70E806}"
EndProject
Global
	GlobalSection(SolutionConfigurationPlatforms) = preSolution
		Debug|Any CPU = Debug|Any CPU
		Release|Any CPU = Release|Any CPU
	EndGlobalSection
	GlobalSection(ProjectConfigurationPlatforms) = postSolution
		{1620F65F-E14E-433D-BD20-E5D62E70E806}.Debug|Any CPU.ActiveCfg = Debug|Any CPU
		{1620F65F-E14E-433D-BD20-E5D62E70E806}.Debug|Any CPU.Build.0 = Debug|Any CPU
		{1620F65F-E14E-433D-BD20-E5D62E70E806}.Release|Any CPU.ActiveCfg = Release|Any CPU
		{1620F65F-E14E-433D-BD20-E5D62E70E806}.Release|Any CPU.Build.0 = Release|Any CPU
	EndGlobalSection
	GlobalSection(SolutionProperties) = preSolution
		HideSolutionNode = FALSE
	EndGlobalSection
	GlobalSection(ExtensibilityGlobals) = postSolution
		SolutionGuid = {6FB3FD5B-B1D9-4716-AE6E-6DEE31A2A26F}
	EndGlobalSection
EndGlobal
